
Microsoft Visual Studio Solution File, Format Version 12.00
# Visual Studio Version 17
VisualStudioVersion = 17.4.33110.190
MinimumVisualStudioVersion = 10.0.40219.1
Project("{FAE04EC0-301F-11D3-BF4B-00C04F79EFBC}") = "Codebin", "Codebin\Codebin.csproj", "{4ED73D07-F1FF-4DF7-B47F-C2D3C2164C70}"
EndProject
Global
	GlobalSection(SolutionConfigurationPlatforms) = preSolution
		Debug|Any CPU = Debug|Any CPU
		Release|Any CPU = Release|Any CPU
	EndGlobalSection
	GlobalSection(ProjectConfigurationPlatforms) = postSolution
		{4ED73D07-F1FF-4DF7-B47F-C2D3C2164C70}.Debug|Any CPU.ActiveCfg = Debug|Any CPU
		{4ED73D07-F1FF-4DF7-B47F-C2D3C2164C70}.Debug|Any CPU.Build.0 = Debug|Any CPU
		{4ED73D07-F1FF-4DF7-B47F-C2D3C2164C70}.Release|Any CPU.ActiveCfg = Release|Any CPU
		{4ED73D07-F1FF-4DF7-B47F-C2D3C2164C70}.Release|Any CPU.Build.0 = Release|Any CPU
	EndGlobalSection
	GlobalSection(SolutionProperties) = preSolution
		HideSolutionNode = FALSE
	EndGlobalSection
	GlobalSection(ExtensibilityGlobals) = postSolution
		SolutionGuid = {FEEAAFBB-AF72-49CC-94D3-4C8AFB598763}
	EndGlobalSection
EndGlobal
